
Microsoft Visual Studio Solution File, Format Version 12.00
# Visual Studio Version 16
VisualStudioVersion = 16.0.29503.13
MinimumVisualStudioVersion = 10.0.40219.1
Project("{FAE04EC0-301F-11D3-BF4B-00C04F79EFBC}") = "TuristickaAgencija", "TuristickaAgencija.csproj", "{82F59893-035F-415E-AA09-D6A84DFCF74A}"
EndProject
Global
	GlobalSection(SolutionConfigurationPlatforms) = preSolution
		Debug|Any CPU = Debug|Any CPU
		Release|Any CPU = Release|Any CPU
	EndGlobalSection
	GlobalSection(ProjectConfigurationPlatforms) = postSolution
		{82F59893-035F-415E-AA09-D6A84DFCF74A}.Debug|Any CPU.ActiveCfg = Debug|Any CPU
		{82F59893-035F-415E-AA09-D6A84DFCF74A}.Debug|Any CPU.Build.0 = Debug|Any CPU
		{82F59893-035F-415E-AA09-D6A84DFCF74A}.Release|Any CPU.ActiveCfg = Release|Any CPU
		{82F59893-035F-415E-AA09-D6A84DFCF74A}.Release|Any CPU.Build.0 = Release|Any CPU
	EndGlobalSection
	GlobalSection(SolutionProperties) = preSolution
		HideSolutionNode = FALSE
	EndGlobalSection
	GlobalSection(ExtensibilityGlobals) = postSolution
		SolutionGuid = {78850617-527F-455D-8413-15F335556421}
	EndGlobalSection
EndGlobal
